
Microsoft Visual Studio Solution File, Format Version 12.00
# Visual Studio Version 16
VisualStudioVersion = 16.0.31005.135
MinimumVisualStudioVersion = 10.0.40219.1
Project("{FAE04EC0-301F-11D3-BF4B-00C04F79EFBC}") = "TelephoneBook", "TelephoneBook\TelephoneBook.csproj", "{2DBF1064-DC9F-4F2E-980E-76C3FEC7832A}"
EndProject
Global
	GlobalSection(SolutionConfigurationPlatforms) = preSolution
		Debug|Any CPU = Debug|Any CPU
		Release|Any CPU = Release|Any CPU
	EndGlobalSection
	GlobalSection(ProjectConfigurationPlatforms) = postSolution
		{2DBF1064-DC9F-4F2E-980E-76C3FEC7832A}.Debug|Any CPU.ActiveCfg = Debug|Any CPU
		{2DBF1064-DC9F-4F2E-980E-76C3FEC7832A}.Debug|Any CPU.Build.0 = Debug|Any CPU
		{2DBF1064-DC9F-4F2E-980E-76C3FEC7832A}.Release|Any CPU.ActiveCfg = Release|Any CPU
		{2DBF1064-DC9F-4F2E-980E-76C3FEC7832A}.Release|Any CPU.Build.0 = Release|Any CPU
	EndGlobalSection
	GlobalSection(SolutionProperties) = preSolution
		HideSolutionNode = FALSE
	EndGlobalSection
	GlobalSection(ExtensibilityGlobals) = postSolution
		SolutionGuid = {277E7D1B-719B-41AB-9186-4EA9F012CD69}
	EndGlobalSection
EndGlobal
